
Microsoft Visual Studio Solution File, Format Version 12.00
# Visual Studio Version 17
VisualStudioVersion = 17.14.36109.1
MinimumVisualStudioVersion = 10.0.40219.1
Project("{FAE04EC0-301F-11D3-BF4B-00C04F79EFBC}") = "Biblioteca.Application", "Biblioteca.Application\Biblioteca.Application.csproj", "{F9F6AB9E-8415-49FD-AAA5-F1EFEA2DB26E}"
EndProject
Project("{FAE04EC0-301F-11D3-BF4B-00C04F79EFBC}") = "Biblioteca.Domain", "Biblioteca.Domain\Biblioteca.Domain.csproj", "{DAD19793-1D4A-637B-5C0F-D6AC2B4786EF}"
EndProject
Project("{FAE04EC0-301F-11D3-BF4B-00C04F79EFBC}") = "Biblioteca.Infrastructure", "Biblioteca.Infrastructure\Biblioteca.Infrastructure.csproj", "{AE2A6ADF-290D-7F9F-B235-F3D853109BC2}"
EndProject
Project("{FAE04EC0-301F-11D3-BF4B-00C04F79EFBC}") = "Biblioteca.UI", "Biblioteca.UI\Biblioteca.UI.csproj", "{127F8270-21EE-5B5E-1D94-ED456CC6F68B}"
EndProject
Global
	GlobalSection(SolutionConfigurationPlatforms) = preSolution
		Debug|Any CPU = Debug|Any CPU
		Release|Any CPU = Release|Any CPU
	EndGlobalSection
	GlobalSection(ProjectConfigurationPlatforms) = postSolution
		{F9F6AB9E-8415-49FD-AAA5-F1EFEA2DB26E}.Debug|Any CPU.ActiveCfg = Debug|Any CPU
		{F9F6AB9E-8415-49FD-AAA5-F1EFEA2DB26E}.Debug|Any CPU.Build.0 = Debug|Any CPU
		{F9F6AB9E-8415-49FD-AAA5-F1EFEA2DB26E}.Release|Any CPU.ActiveCfg = Release|Any CPU
		{F9F6AB9E-8415-49FD-AAA5-F1EFEA2DB26E}.Release|Any CPU.Build.0 = Release|Any CPU
		{DAD19793-1D4A-637B-5C0F-D6AC2B4786EF}.Debug|Any CPU.ActiveCfg = Debug|Any CPU
		{DAD19793-1D4A-637B-5C0F-D6AC2B4786EF}.Debug|Any CPU.Build.0 = Debug|Any CPU
		{DAD19793-1D4A-637B-5C0F-D6AC2B4786EF}.Release|Any CPU.ActiveCfg = Release|Any CPU
		{DAD19793-1D4A-637B-5C0F-D6AC2B4786EF}.Release|Any CPU.Build.0 = Release|Any CPU
		{AE2A6ADF-290D-7F9F-B235-F3D853109BC2}.Debug|Any CPU.ActiveCfg = Debug|Any CPU
		{AE2A6ADF-290D-7F9F-B235-F3D853109BC2}.Debug|Any CPU.Build.0 = Debug|Any CPU
		{AE2A6ADF-290D-7F9F-B235-F3D853109BC2}.Release|Any CPU.ActiveCfg = Release|Any CPU
		{AE2A6ADF-290D-7F9F-B235-F3D853109BC2}.Release|Any CPU.Build.0 = Release|Any CPU
		{127F8270-21EE-5B5E-1D94-ED456CC6F68B}.Debug|Any CPU.ActiveCfg = Debug|Any CPU
		{127F8270-21EE-5B5E-1D94-ED456CC6F68B}.Debug|Any CPU.Build.0 = Debug|Any CPU
		{127F8270-21EE-5B5E-1D94-ED456CC6F68B}.Release|Any CPU.ActiveCfg = Release|Any CPU
		{127F8270-21EE-5B5E-1D94-ED456CC6F68B}.Release|Any CPU.Build.0 = Release|Any CPU
	EndGlobalSection
	GlobalSection(SolutionProperties) = preSolution
		HideSolutionNode = FALSE
	EndGlobalSection
	GlobalSection(ExtensibilityGlobals) = postSolution
		SolutionGuid = {137874B1-87EC-4852-B7A5-B7E65A1B1EAD}
	EndGlobalSection
EndGlobal
